
Microsoft Visual Studio Solution File, Format Version 12.00
# Visual Studio Version 17
VisualStudioVersion = 17.14.36518.9 d17.14
MinimumVisualStudioVersion = 10.0.40219.1
Project("{FAE04EC0-301F-11D3-BF4B-00C04F79EFBC}") = "Calculator", "Calculator\Calculator.csproj", "{A1DED988-60FC-41DF-A4CC-1EFE66817D40}"
EndProject
Project("{FAE04EC0-301F-11D3-BF4B-00C04F79EFBC}") = "Business", "Business\Business.csproj", "{17FE0EB1-08E1-4A3D-ABE2-49ADD9BCBF7B}"
EndProject
Project("{FAE04EC0-301F-11D3-BF4B-00C04F79EFBC}") = "Interface", "Interface\Interface.csproj", "{D934D251-F353-403D-B51C-193F50323E1C}"
EndProject
Global
	GlobalSection(SolutionConfigurationPlatforms) = preSolution
		Debug|Any CPU = Debug|Any CPU
		Release|Any CPU = Release|Any CPU
	EndGlobalSection
	GlobalSection(ProjectConfigurationPlatforms) = postSolution
		{A1DED988-60FC-41DF-A4CC-1EFE66817D40}.Debug|Any CPU.ActiveCfg = Debug|Any CPU
		{A1DED988-60FC-41DF-A4CC-1EFE66817D40}.Debug|Any CPU.Build.0 = Debug|Any CPU
		{A1DED988-60FC-41DF-A4CC-1EFE66817D40}.Release|Any CPU.ActiveCfg = Release|Any CPU
		{A1DED988-60FC-41DF-A4CC-1EFE66817D40}.Release|Any CPU.Build.0 = Release|Any CPU
		{17FE0EB1-08E1-4A3D-ABE2-49ADD9BCBF7B}.Debug|Any CPU.ActiveCfg = Debug|Any CPU
		{17FE0EB1-08E1-4A3D-ABE2-49ADD9BCBF7B}.Debug|Any CPU.Build.0 = Debug|Any CPU
		{17FE0EB1-08E1-4A3D-ABE2-49ADD9BCBF7B}.Release|Any CPU.ActiveCfg = Release|Any CPU
		{17FE0EB1-08E1-4A3D-ABE2-49ADD9BCBF7B}.Release|Any CPU.Build.0 = Release|Any CPU
		{D934D251-F353-403D-B51C-193F50323E1C}.Debug|Any CPU.ActiveCfg = Debug|Any CPU
		{D934D251-F353-403D-B51C-193F50323E1C}.Debug|Any CPU.Build.0 = Debug|Any CPU
		{D934D251-F353-403D-B51C-193F50323E1C}.Release|Any CPU.ActiveCfg = Release|Any CPU
		{D934D251-F353-403D-B51C-193F50323E1C}.Release|Any CPU.Build.0 = Release|Any CPU
	EndGlobalSection
	GlobalSection(SolutionProperties) = preSolution
		HideSolutionNode = FALSE
	EndGlobalSection
	GlobalSection(ExtensibilityGlobals) = postSolution
		SolutionGuid = {EA920261-38F5-4125-891C-AC4C0CE4D123}
	EndGlobalSection
EndGlobal
